
Microsoft Visual Studio Solution File, Format Version 12.00
# Visual Studio 15
VisualStudioVersion = 15.0.28010.2026
MinimumVisualStudioVersion = 10.0.40219.1
Project("{2150E333-8FDC-42A3-9474-1A3956D46DE8}") = "Services", "Services", "{FA2755B6-27B2-4FAA-975F-A44D01667345}"
EndProject
Project("{2150E333-8FDC-42A3-9474-1A3956D46DE8}") = "Identity", "Identity", "{CF6934A9-2F5D-4F40-9E3E-A695E644FF41}"
EndProject
Project("{E53339B2-1760-4266-BCC7-CA923CBCF16C}") = "docker-compose", "docker-compose.dcproj", "{4F4ACCDD-43D1-448A-9E29-6A1EA7CB840D}"
EndProject
Project("{2150E333-8FDC-42A3-9474-1A3956D46DE8}") = "Configurations", "Configurations", "{45FA55E6-2926-46CF-9735-7BC1AC06584D}"
	ProjectSection(SolutionItems) = preProject
		.env = .env
	EndProjectSection
EndProject
Project("{2150E333-8FDC-42A3-9474-1A3956D46DE8}") = "Core", "Core", "{1A196C00-1621-43D7-A7E8-A9EB2BDF8716}"
EndProject
Project("{2150E333-8FDC-42A3-9474-1A3956D46DE8}") = "EventBus", "EventBus", "{EF88ED12-3442-40F0-BE63-FE46F05CD99D}"
EndProject
Project("{9A19103F-16F7-4668-BE54-9A1E7A4F7556}") = "WAL.EventBus", "src\Core\EventBus\WAL.EventBus\WAL.EventBus.csproj", "{AB7D92E5-5A0B-4718-9086-9ADAADEC336C}"
EndProject
Project("{9A19103F-16F7-4668-BE54-9A1E7A4F7556}") = "WAL.EventBus.RabbitMQ", "src\Core\EventBus\WAL.EventBus.RabbitMQ\WAL.EventBus.RabbitMQ.csproj", "{8A685703-9184-414D-9AFE-F3DB3834308D}"
EndProject
Project("{9A19103F-16F7-4668-BE54-9A1E7A4F7556}") = "WAL.Identity.API", "src\Services\Identity\WAL.Identity.API\WAL.Identity.API.csproj", "{C7E4D758-002B-46DD-A141-5ED770AE2156}"
EndProject
Project("{2150E333-8FDC-42A3-9474-1A3956D46DE8}") = "UserLogs", "UserLogs", "{05202FC5-7CEB-400F-8A54-2A511EFC6D4D}"
EndProject
Project("{9A19103F-16F7-4668-BE54-9A1E7A4F7556}") = "WAL.UserActivityLogs.API", "src\Services\UserAuditLogs\WAL.UserLoginLogs.API\WAL.UserActivityLogs.API.csproj", "{01681592-DFDB-4D11-80CB-8322FA29FB9E}"
EndProject
Project("{2150E333-8FDC-42A3-9474-1A3956D46DE8}") = "WebHost", "WebHost", "{9AD9BEAD-1C73-4A98-B116-6FC97C944325}"
EndProject
Project("{9A19103F-16F7-4668-BE54-9A1E7A4F7556}") = "WAL.ServiceHost", "src\Core\WebHost\WAL.WebHost\WAL.ServiceHost.csproj", "{AC931452-5DAE-477D-83C1-8BB7B32D1D6E}"
EndProject
Global
	GlobalSection(SolutionConfigurationPlatforms) = preSolution
		Debug|Any CPU = Debug|Any CPU
		Release|Any CPU = Release|Any CPU
	EndGlobalSection
	GlobalSection(ProjectConfigurationPlatforms) = postSolution
		{4F4ACCDD-43D1-448A-9E29-6A1EA7CB840D}.Debug|Any CPU.ActiveCfg = Debug|Any CPU
		{4F4ACCDD-43D1-448A-9E29-6A1EA7CB840D}.Debug|Any CPU.Build.0 = Debug|Any CPU
		{4F4ACCDD-43D1-448A-9E29-6A1EA7CB840D}.Release|Any CPU.ActiveCfg = Release|Any CPU
		{4F4ACCDD-43D1-448A-9E29-6A1EA7CB840D}.Release|Any CPU.Build.0 = Release|Any CPU
		{AB7D92E5-5A0B-4718-9086-9ADAADEC336C}.Debug|Any CPU.ActiveCfg = Debug|Any CPU
		{AB7D92E5-5A0B-4718-9086-9ADAADEC336C}.Debug|Any CPU.Build.0 = Debug|Any CPU
		{AB7D92E5-5A0B-4718-9086-9ADAADEC336C}.Release|Any CPU.ActiveCfg = Release|Any CPU
		{AB7D92E5-5A0B-4718-9086-9ADAADEC336C}.Release|Any CPU.Build.0 = Release|Any CPU
		{8A685703-9184-414D-9AFE-F3DB3834308D}.Debug|Any CPU.ActiveCfg = Debug|Any CPU
		{8A685703-9184-414D-9AFE-F3DB3834308D}.Debug|Any CPU.Build.0 = Debug|Any CPU
		{8A685703-9184-414D-9AFE-F3DB3834308D}.Release|Any CPU.ActiveCfg = Release|Any CPU
		{8A685703-9184-414D-9AFE-F3DB3834308D}.Release|Any CPU.Build.0 = Release|Any CPU
		{C7E4D758-002B-46DD-A141-5ED770AE2156}.Debug|Any CPU.ActiveCfg = Debug|Any CPU
		{C7E4D758-002B-46DD-A141-5ED770AE2156}.Debug|Any CPU.Build.0 = Debug|Any CPU
		{C7E4D758-002B-46DD-A141-5ED770AE2156}.Release|Any CPU.ActiveCfg = Release|Any CPU
		{C7E4D758-002B-46DD-A141-5ED770AE2156}.Release|Any CPU.Build.0 = Release|Any CPU
		{01681592-DFDB-4D11-80CB-8322FA29FB9E}.Debug|Any CPU.ActiveCfg = Debug|Any CPU
		{01681592-DFDB-4D11-80CB-8322FA29FB9E}.Debug|Any CPU.Build.0 = Debug|Any CPU
		{01681592-DFDB-4D11-80CB-8322FA29FB9E}.Release|Any CPU.ActiveCfg = Release|Any CPU
		{01681592-DFDB-4D11-80CB-8322FA29FB9E}.Release|Any CPU.Build.0 = Release|Any CPU
		{AC931452-5DAE-477D-83C1-8BB7B32D1D6E}.Debug|Any CPU.ActiveCfg = Debug|Any CPU
		{AC931452-5DAE-477D-83C1-8BB7B32D1D6E}.Debug|Any CPU.Build.0 = Debug|Any CPU
		{AC931452-5DAE-477D-83C1-8BB7B32D1D6E}.Release|Any CPU.ActiveCfg = Release|Any CPU
		{AC931452-5DAE-477D-83C1-8BB7B32D1D6E}.Release|Any CPU.Build.0 = Release|Any CPU
	EndGlobalSection
	GlobalSection(SolutionProperties) = preSolution
		HideSolutionNode = FALSE
	EndGlobalSection
	GlobalSection(NestedProjects) = preSolution
		{CF6934A9-2F5D-4F40-9E3E-A695E644FF41} = {FA2755B6-27B2-4FAA-975F-A44D01667345}
		{EF88ED12-3442-40F0-BE63-FE46F05CD99D} = {1A196C00-1621-43D7-A7E8-A9EB2BDF8716}
		{AB7D92E5-5A0B-4718-9086-9ADAADEC336C} = {EF88ED12-3442-40F0-BE63-FE46F05CD99D}
		{8A685703-9184-414D-9AFE-F3DB3834308D} = {EF88ED12-3442-40F0-BE63-FE46F05CD99D}
		{C7E4D758-002B-46DD-A141-5ED770AE2156} = {CF6934A9-2F5D-4F40-9E3E-A695E644FF41}
		{05202FC5-7CEB-400F-8A54-2A511EFC6D4D} = {FA2755B6-27B2-4FAA-975F-A44D01667345}
		{01681592-DFDB-4D11-80CB-8322FA29FB9E} = {05202FC5-7CEB-400F-8A54-2A511EFC6D4D}
		{9AD9BEAD-1C73-4A98-B116-6FC97C944325} = {1A196C00-1621-43D7-A7E8-A9EB2BDF8716}
		{AC931452-5DAE-477D-83C1-8BB7B32D1D6E} = {9AD9BEAD-1C73-4A98-B116-6FC97C944325}
	EndGlobalSection
	GlobalSection(ExtensibilityGlobals) = postSolution
		SolutionGuid = {4C273852-2C11-4CE4-B0C6-535EBF8D9B28}
	EndGlobalSection
EndGlobal
